<Solution>
  <Folder Name="/src/">
    <Project Path="src/PsiAgenda.Api/PsiAgenda.Api.csproj" />
    <Project Path="src/PsiAgenda.Application/PsiAgenda.Application.csproj" />
    <Project Path="src/PsiAgenda.Domain/PsiAgenda.Domain.csproj" />
    <Project Path="src/PsiAgenda.Infrastructure/PsiAgenda.Infrastructure.csproj" />
  </Folder>
</Solution>
