
Microsoft Visual Studio Solution File, Format Version 12.00
# Visual Studio Version 17
VisualStudioVersion = 17.0.31903.59
MinimumVisualStudioVersion = 10.0.40219.1
Project("{2150E333-8FDC-42A3-9474-1A3956D46DE8}") = "src", "src", "{827E0CD3-B72D-47B6-A68D-7590B98EB39B}"
EndProject
Project("{FAE04EC0-301F-11D3-BF4B-00C04F79EFBC}") = "PsiAgenda.Api", "src\PsiAgenda.Api\PsiAgenda.Api.csproj", "{00F4AF82-8B34-43EA-978B-EA65E0DA110D}"
EndProject
Project("{FAE04EC0-301F-11D3-BF4B-00C04F79EFBC}") = "PsiAgenda.Application", "src\PsiAgenda.Application\PsiAgenda.Application.csproj", "{DA17AC21-FD23-4C38-AE02-92F1E976D513}"
EndProject
Project("{FAE04EC0-301F-11D3-BF4B-00C04F79EFBC}") = "PsiAgenda.Domain", "src\PsiAgenda.Domain\PsiAgenda.Domain.csproj", "{92704643-C487-4C81-BD34-7A43E99EB640}"
EndProject
Project("{FAE04EC0-301F-11D3-BF4B-00C04F79EFBC}") = "PsiAgenda.Infrastructure", "src\PsiAgenda.Infrastructure\PsiAgenda.Infrastructure.csproj", "{D3A93246-7BF7-4633-A9F7-202F676E34F2}"
EndProject
Global
	GlobalSection(SolutionConfigurationPlatforms) = preSolution
		Debug|Any CPU = Debug|Any CPU
		Debug|x64 = Debug|x64
		Debug|x86 = Debug|x86
		Release|Any CPU = Release|Any CPU
		Release|x64 = Release|x64
		Release|x86 = Release|x86
	EndGlobalSection
	GlobalSection(ProjectConfigurationPlatforms) = postSolution
		{00F4AF82-8B34-43EA-978B-EA65E0DA110D}.Debug|Any CPU.ActiveCfg = Debug|Any CPU
		{00F4AF82-8B34-43EA-978B-EA65E0DA110D}.Debug|Any CPU.Build.0 = Debug|Any CPU
		{00F4AF82-8B34-43EA-978B-EA65E0DA110D}.Debug|x64.ActiveCfg = Debug|Any CPU
		{00F4AF82-8B34-43EA-978B-EA65E0DA110D}.Debug|x64.Build.0 = Debug|Any CPU
		{00F4AF82-8B34-43EA-978B-EA65E0DA110D}.Debug|x86.ActiveCfg = Debug|Any CPU
		{00F4AF82-8B34-43EA-978B-EA65E0DA110D}.Debug|x86.Build.0 = Debug|Any CPU
		{00F4AF82-8B34-43EA-978B-EA65E0DA110D}.Release|Any CPU.ActiveCfg = Release|Any CPU
		{00F4AF82-8B34-43EA-978B-EA65E0DA110D}.Release|Any CPU.Build.0 = Release|Any CPU
		{00F4AF82-8B34-43EA-978B-EA65E0DA110D}.Release|x64.ActiveCfg = Release|Any CPU
		{00F4AF82-8B34-43EA-978B-EA65E0DA110D}.Release|x64.Build.0 = Release|Any CPU
		{00F4AF82-8B34-43EA-978B-EA65E0DA110D}.Release|x86.ActiveCfg = Release|Any CPU
		{00F4AF82-8B34-43EA-978B-EA65E0DA110D}.Release|x86.Build.0 = Release|Any CPU
		{DA17AC21-FD23-4C38-AE02-92F1E976D513}.Debug|Any CPU.ActiveCfg = Debug|Any CPU
		{DA17AC21-FD23-4C38-AE02-92F1E976D513}.Debug|Any CPU.Build.0 = Debug|Any CPU
		{DA17AC21-FD23-4C38-AE02-92F1E976D513}.Debug|x64.ActiveCfg = Debug|Any CPU
		{DA17AC21-FD23-4C38-AE02-92F1E976D513}.Debug|x64.Build.0 = Debug|Any CPU
		{DA17AC21-FD23-4C38-AE02-92F1E976D513}.Debug|x86.ActiveCfg = Debug|Any CPU
		{DA17AC21-FD23-4C38-AE02-92F1E976D513}.Debug|x86.Build.0 = Debug|Any CPU
		{DA17AC21-FD23-4C38-AE02-92F1E976D513}.Release|Any CPU.ActiveCfg = Release|Any CPU
		{DA17AC21-FD23-4C38-AE02-92F1E976D513}.Release|Any CPU.Build.0 = Release|Any CPU
		{DA17AC21-FD23-4C38-AE02-92F1E976D513}.Release|x64.ActiveCfg = Release|Any CPU
		{DA17AC21-FD23-4C38-AE02-92F1E976D513}.Release|x64.Build.0 = Release|Any CPU
		{DA17AC21-FD23-4C38-AE02-92F1E976D513}.Release|x86.ActiveCfg = Release|Any CPU
		{DA17AC21-FD23-4C38-AE02-92F1E976D513}.Release|x86.Build.0 = Release|Any CPU
		{92704643-C487-4C81-BD34-7A43E99EB640}.Debug|Any CPU.ActiveCfg = Debug|Any CPU
		{92704643-C487-4C81-BD34-7A43E99EB640}.Debug|Any CPU.Build.0 = Debug|Any CPU
		{92704643-C487-4C81-BD34-7A43E99EB640}.Debug|x64.ActiveCfg = Debug|Any CPU
		{92704643-C487-4C81-BD34-7A43E99EB640}.Debug|x64.Build.0 = Debug|Any CPU
		{92704643-C487-4C81-BD34-7A43E99EB640}.Debug|x86.ActiveCfg = Debug|Any CPU
		{92704643-C487-4C81-BD34-7A43E99EB640}.Debug|x86.Build.0 = Debug|Any CPU
		{92704643-C487-4C81-BD34-7A43E99EB640}.Release|Any CPU.ActiveCfg = Release|Any CPU
		{92704643-C487-4C81-BD34-7A43E99EB640}.Release|Any CPU.Build.0 = Release|Any CPU
		{92704643-C487-4C81-BD34-7A43E99EB640}.Release|x64.ActiveCfg = Release|Any CPU
		{92704643-C487-4C81-BD34-7A43E99EB640}.Release|x64.Build.0 = Release|Any CPU
		{92704643-C487-4C81-BD34-7A43E99EB640}.Release|x86.ActiveCfg = Release|Any CPU
		{92704643-C487-4C81-BD34-7A43E99EB640}.Release|x86.Build.0 = Release|Any CPU
		{D3A93246-7BF7-4633-A9F7-202F676E34F2}.Debug|Any CPU.ActiveCfg = Debug|Any CPU
		{D3A93246-7BF7-4633-A9F7-202F676E34F2}.Debug|Any CPU.Build.0 = Debug|Any CPU
		{D3A93246-7BF7-4633-A9F7-202F676E34F2}.Debug|x64.ActiveCfg = Debug|Any CPU
		{D3A93246-7BF7-4633-A9F7-202F676E34F2}.Debug|x64.Build.0 = Debug|Any CPU
		{D3A93246-7BF7-4633-A9F7-202F676E34F2}.Debug|x86.ActiveCfg = Debug|Any CPU
		{D3A93246-7BF7-4633-A9F7-202F676E34F2}.Debug|x86.Build.0 = Debug|Any CPU
		{D3A93246-7BF7-4633-A9F7-202F676E34F2}.Release|Any CPU.ActiveCfg = Release|Any CPU
		{D3A93246-7BF7-4633-A9F7-202F676E34F2}.Release|Any CPU.Build.0 = Release|Any CPU
		{D3A93246-7BF7-4633-A9F7-202F676E34F2}.Release|x64.ActiveCfg = Release|Any CPU
		{D3A93246-7BF7-4633-A9F7-202F676E34F2}.Release|x64.Build.0 = Release|Any CPU
		{D3A93246-7BF7-4633-A9F7-202F676E34F2}.Release|x86.ActiveCfg = Release|Any CPU
		{D3A93246-7BF7-4633-A9F7-202F676E34F2}.Release|x86.Build.0 = Release|Any CPU
	EndGlobalSection
	GlobalSection(SolutionProperties) = preSolution
		HideSolutionNode = FALSE
	EndGlobalSection
	GlobalSection(NestedProjects) = preSolution
		{00F4AF82-8B34-43EA-978B-EA65E0DA110D} = {827E0CD3-B72D-47B6-A68D-7590B98EB39B}
		{DA17AC21-FD23-4C38-AE02-92F1E976D513} = {827E0CD3-B72D-47B6-A68D-7590B98EB39B}
		{92704643-C487-4C81-BD34-7A43E99EB640} = {827E0CD3-B72D-47B6-A68D-7590B98EB39B}
		{D3A93246-7BF7-4633-A9F7-202F676E34F2} = {827E0CD3-B72D-47B6-A68D-7590B98EB39B}
	EndGlobalSection
EndGlobal
